
Microsoft Visual Studio Solution File, Format Version 12.00
# Visual Studio Version 17
VisualStudioVersion = 17.12.35514.174
MinimumVisualStudioVersion = 10.0.40219.1
Project("{FAE04EC0-301F-11D3-BF4B-00C04F79EFBC}") = "TP1", "TP1.csproj", "{5E0223EF-9EED-42BD-BDD0-714FD8B54105}"
EndProject
Project("{FAE04EC0-301F-11D3-BF4B-00C04F79EFBC}") = "TP1 P3", "..\TP1 P3\TP1 P3.csproj", "{DF02E092-2FCC-407C-B00C-3405C6B29E40}"
EndProject
Project("{FAE04EC0-301F-11D3-BF4B-00C04F79EFBC}") = "TP1 P4", "..\TP1 P4\TP1 P4.csproj", "{3A6EE7AA-6B12-4FD7-8981-C4811EEC1FFD}"
EndProject
Project("{FAE04EC0-301F-11D3-BF4B-00C04F79EFBC}") = "TP1 P5", "..\TP1 P5\TP1 P5.csproj", "{1747F2E7-291E-467A-B112-784926791874}"
EndProject
Project("{FAE04EC0-301F-11D3-BF4B-00C04F79EFBC}") = "TP1 P7", "..\TP1 P7\TP1 P7.csproj", "{F1205A05-A4D6-49D9-96FB-4F9042310D40}"
EndProject
Project("{2150E333-8FDC-42A3-9474-1A3956D46DE8}") = "TP1", "TP1", "{61051DA0-179B-4359-913C-29C5F3DA3B20}"
EndProject
Project("{2150E333-8FDC-42A3-9474-1A3956D46DE8}") = "TP2", "TP2", "{43A23676-C8DB-44E0-B639-A28B948FB5D2}"
EndProject
Project("{FAE04EC0-301F-11D3-BF4B-00C04F79EFBC}") = "TP2 P1", "..\TP2 P1\TP2 P1.csproj", "{BE6CE244-EBEC-444F-9749-270B408AF408}"
EndProject
Project("{FAE04EC0-301F-11D3-BF4B-00C04F79EFBC}") = "TP2 P2", "..\TP2 P2\TP2 P2.csproj", "{01D80CB8-F677-433F-95F6-94A7E6521943}"
EndProject
Project("{FAE04EC0-301F-11D3-BF4B-00C04F79EFBC}") = "TP2 P3", "..\TP2 P3\TP2 P3.csproj", "{753B9F9F-0676-4C95-9C02-DA280BCB5EBD}"
EndProject
Project("{FAE04EC0-301F-11D3-BF4B-00C04F79EFBC}") = "TP2 P4", "..\TP2 P4\TP2 P4.csproj", "{C1B33392-7CAB-41DB-8597-FA7F239F5784}"
EndProject
Project("{FAE04EC0-301F-11D3-BF4B-00C04F79EFBC}") = "TP2 P5", "..\TP2 P5\TP2 P5.csproj", "{DB0054E5-ED2F-4CC5-8305-338B6F2D89DB}"
EndProject
Project("{2150E333-8FDC-42A3-9474-1A3956D46DE8}") = "TP3", "TP3", "{D8452728-DA58-4E9D-85AA-F127B2C8FEE1}"
EndProject
Project("{FAE04EC0-301F-11D3-BF4B-00C04F79EFBC}") = "TP3 P1", "..\TP3 P1\TP3 P1.csproj", "{806136B9-4ED0-409E-9A3E-A4F8C8D6287C}"
EndProject
Project("{FAE04EC0-301F-11D3-BF4B-00C04F79EFBC}") = "TP3 P2", "..\TP3 P2\TP3 P2.csproj", "{A76CAA4E-251B-47BD-9C47-C25B0BF27960}"
EndProject
Project("{FAE04EC0-301F-11D3-BF4B-00C04F79EFBC}") = "TP3 P3", "..\TP3 P3\TP3 P3.csproj", "{D8DDA467-6733-4FBF-8614-A058887320B0}"
EndProject
Project("{FAE04EC0-301F-11D3-BF4B-00C04F79EFBC}") = "TP3 P4", "..\TP3 P4\TP3 P4.csproj", "{2941F0F2-93D2-440A-9EA4-CDB65763A43B}"
EndProject
Project("{2150E333-8FDC-42A3-9474-1A3956D46DE8}") = "TP6", "TP6", "{BD056401-4F0D-4570-A05C-48F9C12B34F3}"
EndProject
Project("{FAE04EC0-301F-11D3-BF4B-00C04F79EFBC}") = "Consola", "..\Consola\Consola.csproj", "{41C4A047-35D0-4393-8A01-31C33F385A69}"
EndProject
Project("{FAE04EC0-301F-11D3-BF4B-00C04F79EFBC}") = "Entidades", "..\Entidades\Entidades.csproj", "{A4D38379-7E2F-4A70-8764-156019092423}"
EndProject
Project("{FAE04EC0-301F-11D3-BF4B-00C04F79EFBC}") = "Forms", "..\Forms\Forms.csproj", "{938A00C2-74D2-434D-B2DF-F9148864E44C}"
EndProject
Project("{FAE04EC0-301F-11D3-BF4B-00C04F79EFBC}") = "Datos", "..\Datos\Datos.csproj", "{34E87F77-762D-477B-AA9A-98B7FDE2E6D3}"
EndProject
Global
	GlobalSection(SolutionConfigurationPlatforms) = preSolution
		Debug|Any CPU = Debug|Any CPU
		Release|Any CPU = Release|Any CPU
	EndGlobalSection
	GlobalSection(ProjectConfigurationPlatforms) = postSolution
		{5E0223EF-9EED-42BD-BDD0-714FD8B54105}.Debug|Any CPU.ActiveCfg = Debug|Any CPU
		{5E0223EF-9EED-42BD-BDD0-714FD8B54105}.Debug|Any CPU.Build.0 = Debug|Any CPU
		{5E0223EF-9EED-42BD-BDD0-714FD8B54105}.Release|Any CPU.ActiveCfg = Release|Any CPU
		{5E0223EF-9EED-42BD-BDD0-714FD8B54105}.Release|Any CPU.Build.0 = Release|Any CPU
		{DF02E092-2FCC-407C-B00C-3405C6B29E40}.Debug|Any CPU.ActiveCfg = Debug|Any CPU
		{DF02E092-2FCC-407C-B00C-3405C6B29E40}.Debug|Any CPU.Build.0 = Debug|Any CPU
		{DF02E092-2FCC-407C-B00C-3405C6B29E40}.Release|Any CPU.ActiveCfg = Release|Any CPU
		{DF02E092-2FCC-407C-B00C-3405C6B29E40}.Release|Any CPU.Build.0 = Release|Any CPU
		{3A6EE7AA-6B12-4FD7-8981-C4811EEC1FFD}.Debug|Any CPU.ActiveCfg = Debug|Any CPU
		{3A6EE7AA-6B12-4FD7-8981-C4811EEC1FFD}.Debug|Any CPU.Build.0 = Debug|Any CPU
		{3A6EE7AA-6B12-4FD7-8981-C4811EEC1FFD}.Release|Any CPU.ActiveCfg = Release|Any CPU
		{3A6EE7AA-6B12-4FD7-8981-C4811EEC1FFD}.Release|Any CPU.Build.0 = Release|Any CPU
		{1747F2E7-291E-467A-B112-784926791874}.Debug|Any CPU.ActiveCfg = Debug|Any CPU
		{1747F2E7-291E-467A-B112-784926791874}.Debug|Any CPU.Build.0 = Debug|Any CPU
		{1747F2E7-291E-467A-B112-784926791874}.Release|Any CPU.ActiveCfg = Release|Any CPU
		{1747F2E7-291E-467A-B112-784926791874}.Release|Any CPU.Build.0 = Release|Any CPU
		{F1205A05-A4D6-49D9-96FB-4F9042310D40}.Debug|Any CPU.ActiveCfg = Debug|Any CPU
		{F1205A05-A4D6-49D9-96FB-4F9042310D40}.Debug|Any CPU.Build.0 = Debug|Any CPU
		{F1205A05-A4D6-49D9-96FB-4F9042310D40}.Release|Any CPU.ActiveCfg = Release|Any CPU
		{F1205A05-A4D6-49D9-96FB-4F9042310D40}.Release|Any CPU.Build.0 = Release|Any CPU
		{BE6CE244-EBEC-444F-9749-270B408AF408}.Debug|Any CPU.ActiveCfg = Debug|Any CPU
		{BE6CE244-EBEC-444F-9749-270B408AF408}.Debug|Any CPU.Build.0 = Debug|Any CPU
		{BE6CE244-EBEC-444F-9749-270B408AF408}.Release|Any CPU.ActiveCfg = Release|Any CPU
		{BE6CE244-EBEC-444F-9749-270B408AF408}.Release|Any CPU.Build.0 = Release|Any CPU
		{01D80CB8-F677-433F-95F6-94A7E6521943}.Debug|Any CPU.ActiveCfg = Debug|Any CPU
		{01D80CB8-F677-433F-95F6-94A7E6521943}.Debug|Any CPU.Build.0 = Debug|Any CPU
		{01D80CB8-F677-433F-95F6-94A7E6521943}.Release|Any CPU.ActiveCfg = Release|Any CPU
		{01D80CB8-F677-433F-95F6-94A7E6521943}.Release|Any CPU.Build.0 = Release|Any CPU
		{753B9F9F-0676-4C95-9C02-DA280BCB5EBD}.Debug|Any CPU.ActiveCfg = Debug|Any CPU
		{753B9F9F-0676-4C95-9C02-DA280BCB5EBD}.Debug|Any CPU.Build.0 = Debug|Any CPU
		{753B9F9F-0676-4C95-9C02-DA280BCB5EBD}.Release|Any CPU.ActiveCfg = Release|Any CPU
		{753B9F9F-0676-4C95-9C02-DA280BCB5EBD}.Release|Any CPU.Build.0 = Release|Any CPU
		{C1B33392-7CAB-41DB-8597-FA7F239F5784}.Debug|Any CPU.ActiveCfg = Debug|Any CPU
		{C1B33392-7CAB-41DB-8597-FA7F239F5784}.Debug|Any CPU.Build.0 = Debug|Any CPU
		{C1B33392-7CAB-41DB-8597-FA7F239F5784}.Release|Any CPU.ActiveCfg = Release|Any CPU
		{C1B33392-7CAB-41DB-8597-FA7F239F5784}.Release|Any CPU.Build.0 = Release|Any CPU
		{DB0054E5-ED2F-4CC5-8305-338B6F2D89DB}.Debug|Any CPU.ActiveCfg = Debug|Any CPU
		{DB0054E5-ED2F-4CC5-8305-338B6F2D89DB}.Debug|Any CPU.Build.0 = Debug|Any CPU
		{DB0054E5-ED2F-4CC5-8305-338B6F2D89DB}.Release|Any CPU.ActiveCfg = Release|Any CPU
		{DB0054E5-ED2F-4CC5-8305-338B6F2D89DB}.Release|Any CPU.Build.0 = Release|Any CPU
		{806136B9-4ED0-409E-9A3E-A4F8C8D6287C}.Debug|Any CPU.ActiveCfg = Debug|Any CPU
		{806136B9-4ED0-409E-9A3E-A4F8C8D6287C}.Debug|Any CPU.Build.0 = Debug|Any CPU
		{806136B9-4ED0-409E-9A3E-A4F8C8D6287C}.Release|Any CPU.ActiveCfg = Release|Any CPU
		{806136B9-4ED0-409E-9A3E-A4F8C8D6287C}.Release|Any CPU.Build.0 = Release|Any CPU
		{A76CAA4E-251B-47BD-9C47-C25B0BF27960}.Debug|Any CPU.ActiveCfg = Debug|Any CPU
		{A76CAA4E-251B-47BD-9C47-C25B0BF27960}.Debug|Any CPU.Build.0 = Debug|Any CPU
		{A76CAA4E-251B-47BD-9C47-C25B0BF27960}.Release|Any CPU.ActiveCfg = Release|Any CPU
		{A76CAA4E-251B-47BD-9C47-C25B0BF27960}.Release|Any CPU.Build.0 = Release|Any CPU
		{D8DDA467-6733-4FBF-8614-A058887320B0}.Debug|Any CPU.ActiveCfg = Debug|Any CPU
		{D8DDA467-6733-4FBF-8614-A058887320B0}.Debug|Any CPU.Build.0 = Debug|Any CPU
		{D8DDA467-6733-4FBF-8614-A058887320B0}.Release|Any CPU.ActiveCfg = Release|Any CPU
		{D8DDA467-6733-4FBF-8614-A058887320B0}.Release|Any CPU.Build.0 = Release|Any CPU
		{2941F0F2-93D2-440A-9EA4-CDB65763A43B}.Debug|Any CPU.ActiveCfg = Debug|Any CPU
		{2941F0F2-93D2-440A-9EA4-CDB65763A43B}.Debug|Any CPU.Build.0 = Debug|Any CPU
		{2941F0F2-93D2-440A-9EA4-CDB65763A43B}.Release|Any CPU.ActiveCfg = Release|Any CPU
		{2941F0F2-93D2-440A-9EA4-CDB65763A43B}.Release|Any CPU.Build.0 = Release|Any CPU
		{41C4A047-35D0-4393-8A01-31C33F385A69}.Debug|Any CPU.ActiveCfg = Debug|Any CPU
		{41C4A047-35D0-4393-8A01-31C33F385A69}.Debug|Any CPU.Build.0 = Debug|Any CPU
		{41C4A047-35D0-4393-8A01-31C33F385A69}.Release|Any CPU.ActiveCfg = Release|Any CPU
		{41C4A047-35D0-4393-8A01-31C33F385A69}.Release|Any CPU.Build.0 = Release|Any CPU
		{A4D38379-7E2F-4A70-8764-156019092423}.Debug|Any CPU.ActiveCfg = Debug|Any CPU
		{A4D38379-7E2F-4A70-8764-156019092423}.Debug|Any CPU.Build.0 = Debug|Any CPU
		{A4D38379-7E2F-4A70-8764-156019092423}.Release|Any CPU.ActiveCfg = Release|Any CPU
		{A4D38379-7E2F-4A70-8764-156019092423}.Release|Any CPU.Build.0 = Release|Any CPU
		{938A00C2-74D2-434D-B2DF-F9148864E44C}.Debug|Any CPU.ActiveCfg = Debug|Any CPU
		{938A00C2-74D2-434D-B2DF-F9148864E44C}.Debug|Any CPU.Build.0 = Debug|Any CPU
		{938A00C2-74D2-434D-B2DF-F9148864E44C}.Release|Any CPU.ActiveCfg = Release|Any CPU
		{938A00C2-74D2-434D-B2DF-F9148864E44C}.Release|Any CPU.Build.0 = Release|Any CPU
		{34E87F77-762D-477B-AA9A-98B7FDE2E6D3}.Debug|Any CPU.ActiveCfg = Debug|Any CPU
		{34E87F77-762D-477B-AA9A-98B7FDE2E6D3}.Debug|Any CPU.Build.0 = Debug|Any CPU
		{34E87F77-762D-477B-AA9A-98B7FDE2E6D3}.Release|Any CPU.ActiveCfg = Release|Any CPU
		{34E87F77-762D-477B-AA9A-98B7FDE2E6D3}.Release|Any CPU.Build.0 = Release|Any CPU
	EndGlobalSection
	GlobalSection(SolutionProperties) = preSolution
		HideSolutionNode = FALSE
	EndGlobalSection
	GlobalSection(NestedProjects) = preSolution
		{5E0223EF-9EED-42BD-BDD0-714FD8B54105} = {61051DA0-179B-4359-913C-29C5F3DA3B20}
		{DF02E092-2FCC-407C-B00C-3405C6B29E40} = {61051DA0-179B-4359-913C-29C5F3DA3B20}
		{3A6EE7AA-6B12-4FD7-8981-C4811EEC1FFD} = {61051DA0-179B-4359-913C-29C5F3DA3B20}
		{1747F2E7-291E-467A-B112-784926791874} = {61051DA0-179B-4359-913C-29C5F3DA3B20}
		{F1205A05-A4D6-49D9-96FB-4F9042310D40} = {61051DA0-179B-4359-913C-29C5F3DA3B20}
		{BE6CE244-EBEC-444F-9749-270B408AF408} = {43A23676-C8DB-44E0-B639-A28B948FB5D2}
		{01D80CB8-F677-433F-95F6-94A7E6521943} = {43A23676-C8DB-44E0-B639-A28B948FB5D2}
		{753B9F9F-0676-4C95-9C02-DA280BCB5EBD} = {43A23676-C8DB-44E0-B639-A28B948FB5D2}
		{C1B33392-7CAB-41DB-8597-FA7F239F5784} = {43A23676-C8DB-44E0-B639-A28B948FB5D2}
		{DB0054E5-ED2F-4CC5-8305-338B6F2D89DB} = {43A23676-C8DB-44E0-B639-A28B948FB5D2}
		{806136B9-4ED0-409E-9A3E-A4F8C8D6287C} = {D8452728-DA58-4E9D-85AA-F127B2C8FEE1}
		{A76CAA4E-251B-47BD-9C47-C25B0BF27960} = {D8452728-DA58-4E9D-85AA-F127B2C8FEE1}
		{D8DDA467-6733-4FBF-8614-A058887320B0} = {D8452728-DA58-4E9D-85AA-F127B2C8FEE1}
		{2941F0F2-93D2-440A-9EA4-CDB65763A43B} = {D8452728-DA58-4E9D-85AA-F127B2C8FEE1}
		{41C4A047-35D0-4393-8A01-31C33F385A69} = {BD056401-4F0D-4570-A05C-48F9C12B34F3}
		{A4D38379-7E2F-4A70-8764-156019092423} = {BD056401-4F0D-4570-A05C-48F9C12B34F3}
		{938A00C2-74D2-434D-B2DF-F9148864E44C} = {BD056401-4F0D-4570-A05C-48F9C12B34F3}
		{34E87F77-762D-477B-AA9A-98B7FDE2E6D3} = {BD056401-4F0D-4570-A05C-48F9C12B34F3}
	EndGlobalSection
EndGlobal
